# THIS IS AN AUTOGENERATED FILE. DO NOT EDIT THIS FILE DIRECTLY.
# yarn lockfile v1


"@sindresorhus/is@^1.0.0":
  version "1.2.0"
  resolved "https://registry.yarnpkg.com/@sindresorhus/is/-/is-1.2.0.tgz#63ce3638cb85231f3704164c90a18ef816da3fb7"
  integrity sha512-mwhXGkRV5dlvQc4EgPDxDxO6WuMBVymGFd1CA+2Y+z5dG9MNspoQ+AWjl/Ld1MnpCL8AKbosZlDVohqcIwuWsw==

"@szmarczak/http-timer@^4.0.0":
  version "4.0.5"
  resolved "https://registry.yarnpkg.com/@szmarczak/http-timer/-/http-timer-4.0.5.tgz#bfbd50211e9dfa51ba07da58a14cdfd333205152"
  integrity sha512-PyRA9sm1Yayuj5OIoJ1hGt2YISX45w9WcFbh6ddT0Z/0yaFxOtGLInr4jUfU1EAFVs0Yfyfev4RNwBlUaHdlDQ==
  dependencies:
    defer-to-connect "^2.0.0"

"@types/cacheable-request@^6.0.1":
  version "6.0.1"
  resolved "https://registry.yarnpkg.com/@types/cacheable-request/-/cacheable-request-6.0.1.tgz#5d22f3dded1fd3a84c0bbeb5039a7419c2c91976"
  integrity sha512-ykFq2zmBGOCbpIXtoVbz4SKY5QriWPh3AjyU4G74RYbtt5yOc5OfaY75ftjg7mikMOla1CTGpX3lLbuJh8DTrQ==
  dependencies:
    "@types/http-cache-semantics" "*"
    "@types/keyv" "*"
    "@types/node" "*"
    "@types/responselike" "*"

"@types/http-cache-semantics@*":
  version "4.0.0"
  resolved "https://registry.yarnpkg.com/@types/http-cache-semantics/-/http-cache-semantics-4.0.0.tgz#9140779736aa2655635ee756e2467d787cfe8a2a"
  integrity sha512-c3Xy026kOF7QOTn00hbIllV1dLR9hG9NkSrLQgCVs8NF6sBU+VGWjD3wLPhmh1TYAc7ugCFsvHYMN4VcBN1U1A==

"@types/keyv@*":
  version "3.1.1"
  resolved "https://registry.yarnpkg.com/@types/keyv/-/keyv-3.1.1.tgz#e45a45324fca9dab716ab1230ee249c9fb52cfa7"
  integrity sha512-MPtoySlAZQ37VoLaPcTHCu1RWJ4llDkULYZIzOYxlhxBqYPB0RsRlmMU0R6tahtFe27mIdkHV+551ZWV4PLmVw==
  dependencies:
    "@types/node" "*"

"@types/node@*":
  version "13.7.0"
  resolved "https://registry.yarnpkg.com/@types/node/-/node-13.7.0.tgz#b417deda18cf8400f278733499ad5547ed1abec4"
  integrity sha512-GnZbirvmqZUzMgkFn70c74OQpTTUcCzlhQliTzYjQMqg+hVKcDnxdL19Ne3UdYzdMA/+W3eb646FWn/ZaT1NfQ==

"@types/responselike@*":
  version "1.0.0"
  resolved "https://registry.yarnpkg.com/@types/responselike/-/responselike-1.0.0.tgz#251f4fe7d154d2bad125abe1b429b23afd262e29"
  integrity sha512-85Y2BjiufFzaMIlvJDvTTB8Fxl2xfLo4HgmHzVBz08w4wDePCTjYw66PdrolO0kzli3yam/YCgRufyo1DdQVTA==
  dependencies:
    "@types/node" "*"

accepts@^1.3.5:
  version "1.3.7"
  resolved "https://registry.yarnpkg.com/accepts/-/accepts-1.3.7.tgz#531bc726517a3b2b41f850021c6cc15eaab507cd"
  integrity sha512-Il80Qs2WjYlJIBNzNkK6KYqlVMTbZLXgHx2oT0pU/fjRHyEp+PEfEPY0R3WCwAGVOtauxh1hOxNgIf5bv7dQpA==
  dependencies:
    mime-types "~2.1.24"
    negotiator "0.6.2"

any-promise@^1.1.0:
  version "1.3.0"
  resolved "https://registry.yarnpkg.com/any-promise/-/any-promise-1.3.0.tgz#abc6afeedcea52e809cdc0376aed3ce39635d17f"
  integrity sha1-q8av7tzqUugJzcA3au0845Y10X8=

bintrees@1.0.1:
  version "1.0.1"
  resolved "https://registry.yarnpkg.com/bintrees/-/bintrees-1.0.1.tgz#0e655c9b9c2435eaab68bf4027226d2b55a34524"
  integrity sha1-DmVcm5wkNeqraL9AJyJtK1WjRSQ=

cache-content-type@^1.0.0:
  version "1.0.1"
  resolved "https://registry.yarnpkg.com/cache-content-type/-/cache-content-type-1.0.1.tgz#035cde2b08ee2129f4a8315ea8f00a00dba1453c"
  integrity sha512-IKufZ1o4Ut42YUrZSo8+qnMTrFuKkvyoLXUywKz9GJ5BrhOFGhLdkx9sG4KAnVvbY6kEcSFjLQul+DVmBm2bgA==
  dependencies:
    mime-types "^2.1.18"
    ylru "^1.2.0"

cacheable-lookup@^1.0.0:
  version "1.0.0"
  resolved "https://registry.yarnpkg.com/cacheable-lookup/-/cacheable-lookup-1.0.0.tgz#ae877296b7b43b720e4a4554c47ec85e74d0932a"
  integrity sha512-Te7MkBWBEPUdLjFWLoIu61osWKjrvBdBrSxEso6T9iGLTDPhcA2PI6J++lF/Hmqi5HtZmkKN3q/C7gwa+U/EUg==
  dependencies:
    keyv "^4.0.0"

cacheable-request@^7.0.1:
  version "7.0.1"
  resolved "https://registry.yarnpkg.com/cacheable-request/-/cacheable-request-7.0.1.tgz#062031c2856232782ed694a257fa35da93942a58"
  integrity sha512-lt0mJ6YAnsrBErpTMWeu5kl/tg9xMAWjavYTN6VQXM1A/teBITuNcccXsCxF0tDQQJf9DfAaX5O4e0zp0KlfZw==
  dependencies:
    clone-response "^1.0.2"
    get-stream "^5.1.0"
    http-cache-semantics "^4.0.0"
    keyv "^4.0.0"
    lowercase-keys "^2.0.0"
    normalize-url "^4.1.0"
    responselike "^2.0.0"

clone-response@^1.0.2:
  version "1.0.2"
  resolved "https://registry.yarnpkg.com/clone-response/-/clone-response-1.0.2.tgz#d1dc973920314df67fbeb94223b4ee350239e96b"
  integrity sha1-0dyXOSAxTfZ/vrlCI7TuNQI56Ws=
  dependencies:
    mimic-response "^1.0.0"

co@^4.6.0:
  version "4.6.0"
  resolved "https://registry.yarnpkg.com/co/-/co-4.6.0.tgz#6ea6bdf3d853ae54ccb8e47bfa0bf3f9031fb184"
  integrity sha1-bqa989hTrlTMuOR7+gvz+QMfsYQ=

content-disposition@~0.5.2:
  version "0.5.3"
  resolved "https://registry.yarnpkg.com/content-disposition/-/content-disposition-0.5.3.tgz#e130caf7e7279087c5616c2007d0485698984fbd"
  integrity sha512-ExO0774ikEObIAEV9kDo50o+79VCUdEB6n6lzKgGwupcVeRlhrj3qGAfwq8G6uBJjkqLrhT0qEYFcWng8z1z0g==
  dependencies:
    safe-buffer "5.1.2"

content-type@^1.0.4:
  version "1.0.4"
  resolved "https://registry.yarnpkg.com/content-type/-/content-type-1.0.4.tgz#e138cc75e040c727b1966fe5e5f8c9aee256fe3b"
  integrity sha512-hIP3EEPs8tB9AT1L+NUqtwOAps4mk2Zob89MWXMHjHWg9milF/j4osnnQLXBCBFBk/tvIG/tUc9mOUJiPBhPXA==

cookies@~0.8.0:
  version "0.8.0"
  resolved "https://registry.yarnpkg.com/cookies/-/cookies-0.8.0.tgz#1293ce4b391740a8406e3c9870e828c4b54f3f90"
  integrity sha512-8aPsApQfebXnuI+537McwYsDtjVxGm8gTIzQI3FDW6t5t/DAhERxtnbEPN/8RX+uZthoz4eCOgloXaE5cYyNow==
  dependencies:
    depd "~2.0.0"
    keygrip "~1.1.0"

debug@*, debug@^4.1.1:
  version "4.1.1"
  resolved "https://registry.yarnpkg.com/debug/-/debug-4.1.1.tgz#3b72260255109c6b589cee050f1d516139664791"
  integrity sha512-pYAIzeRo8J6KPEaJ0VWOh5Pzkbw/RetuzehGM7QRRX5he4fPHx2rdKMB256ehJCkX+XRQm16eZLqLNS8RSZXZw==
  dependencies:
    ms "^2.1.1"

debug@~3.1.0:
  version "3.1.0"
  resolved "https://registry.yarnpkg.com/debug/-/debug-3.1.0.tgz#5bb5a0672628b64149566ba16819e61518c67261"
  integrity sha512-OX8XqP7/1a9cqkxYw2yXss15f26NKWBpDXQd0/uK/KPqdQhxbPa994hnzjcE2VqQpDslf55723cKPUOGSmMY3g==
  dependencies:
    ms "2.0.0"

decompress-response@^5.0.0:
  version "5.0.0"
  resolved "https://registry.yarnpkg.com/decompress-response/-/decompress-response-5.0.0.tgz#7849396e80e3d1eba8cb2f75ef4930f76461cb0f"
  integrity sha512-TLZWWybuxWgoW7Lykv+gq9xvzOsUjQ9tF09Tj6NSTYGMTCHNXzrPnD6Hi+TgZq19PyTAGH4Ll/NIM/eTGglnMw==
  dependencies:
    mimic-response "^2.0.0"

deep-equal@~1.0.1:
  version "1.0.1"
  resolved "https://registry.yarnpkg.com/deep-equal/-/deep-equal-1.0.1.tgz#f5d260292b660e084eff4cdbc9f08ad3247448b5"
  integrity sha1-9dJgKStmDghO/0zbyfCK0yR0SLU=

defer-to-connect@^2.0.0:
  version "2.0.0"
  resolved "https://registry.yarnpkg.com/defer-to-connect/-/defer-to-connect-2.0.0.tgz#83d6b199db041593ac84d781b5222308ccf4c2c1"
  integrity sha512-bYL2d05vOSf1JEZNx5vSAtPuBMkX8K9EUutg7zlKvTqKXHt7RhWJFbmd7qakVuf13i+IkGmp6FwSsONOf6VYIg==

delegates@^1.0.0:
  version "1.0.0"
  resolved "https://registry.yarnpkg.com/delegates/-/delegates-1.0.0.tgz#84c6e159b81904fdca59a0ef44cd870d31250f9a"
  integrity sha1-hMbhWbgZBP3KWaDvRM2HDTElD5o=

depd@^1.1.2, depd@~1.1.2:
  version "1.1.2"
  resolved "https://registry.yarnpkg.com/depd/-/depd-1.1.2.tgz#9bcd52e14c097763e749b274c4346ed2e560b5a9"
  integrity sha1-m81S4UwJd2PnSbJ0xDRu0uVgtak=

depd@~2.0.0:
  version "2.0.0"
  resolved "https://registry.yarnpkg.com/depd/-/depd-2.0.0.tgz#b696163cc757560d09cf22cc8fad1571b79e76df"
  integrity sha512-g7nH6P6dyDioJogAAGprGpCtVImJhpPk/roCzdb3fIh61/s/nPsfR6onyMwkCAR/OlC3yBC0lESvUoQEAssIrw==

destroy@^1.0.4:
  version "1.0.4"
  resolved "https://registry.yarnpkg.com/destroy/-/destroy-1.0.4.tgz#978857442c44749e4206613e37946205826abd80"
  integrity sha1-l4hXRCxEdJ5CBmE+N5RiBYJqvYA=

dotenv@^8.2.0:
  version "8.2.0"
  resolved "https://registry.yarnpkg.com/dotenv/-/dotenv-8.2.0.tgz#97e619259ada750eea3e4ea3e26bceea5424b16a"
  integrity sha512-8sJ78ElpbDJBHNeBzUbUVLsqKdccaa/BXF1uPTw3GrvQTBgrQrtObr2mUrE38vzYd8cEv+m/JBfDLioYcfXoaw==

duplexer3@^0.1.4:
  version "0.1.4"
  resolved "https://registry.yarnpkg.com/duplexer3/-/duplexer3-0.1.4.tgz#ee01dd1cac0ed3cbc7fdbea37dc0a8f1ce002ce2"
  integrity sha1-7gHdHKwO08vH/b6jfcCo8c4ALOI=

ee-first@1.1.1:
  version "1.1.1"
  resolved "https://registry.yarnpkg.com/ee-first/-/ee-first-1.1.1.tgz#590c61156b0ae2f4f0255732a158b266bc56b21d"
  integrity sha1-WQxhFWsK4vTwJVcyoViyZrxWsh0=

encodeurl@^1.0.2:
  version "1.0.2"
  resolved "https://registry.yarnpkg.com/encodeurl/-/encodeurl-1.0.2.tgz#ad3ff4c86ec2d029322f5a02c3a9a606c95b3f59"
  integrity sha1-rT/0yG7C0CkyL1oCw6mmBslbP1k=

end-of-stream@^1.1.0:
  version "1.4.4"
  resolved "https://registry.yarnpkg.com/end-of-stream/-/end-of-stream-1.4.4.tgz#5ae64a5f45057baf3626ec14da0ca5e4b2431eb0"
  integrity sha512-+uw1inIHVPQoaVuHzRyXd21icM+cnt4CzD5rW+NC1wjOUSTOs+Te7FOv7AhN7vS9x/oIyhLP5PR1H+phQAHu5Q==
  dependencies:
    once "^1.4.0"

error-inject@^1.0.0:
  version "1.0.0"
  resolved "https://registry.yarnpkg.com/error-inject/-/error-inject-1.0.0.tgz#e2b3d91b54aed672f309d950d154850fa11d4f37"
  integrity sha1-4rPZG1Su1nLzCdlQ0VSFD6EdTzc=

escape-html@^1.0.3:
  version "1.0.3"
  resolved "https://registry.yarnpkg.com/escape-html/-/escape-html-1.0.3.tgz#0258eae4d3d0c0974de1c169188ef0051d1d1988"
  integrity sha1-Aljq5NPQwJdN4cFpGI7wBR0dGYg=

esm@^3.2.25:
  version "3.2.25"
  resolved "https://registry.yarnpkg.com/esm/-/esm-3.2.25.tgz#342c18c29d56157688ba5ce31f8431fbb795cc10"
  integrity sha512-U1suiZ2oDVWv4zPO56S0NcR5QriEahGtdN2OR6FiOG4WJvcjBVFB0qI4+eKoWFH483PKGuLuu6V8Z4T5g63UVA==

fresh@~0.5.2:
  version "0.5.2"
  resolved "https://registry.yarnpkg.com/fresh/-/fresh-0.5.2.tgz#3d8cadd90d976569fa835ab1f8e4b23a105605a7"
  integrity sha1-PYyt2Q2XZWn6g1qx+OSyOhBWBac=

get-stream@^5.0.0, get-stream@^5.1.0:
  version "5.1.0"
  resolved "https://registry.yarnpkg.com/get-stream/-/get-stream-5.1.0.tgz#01203cdc92597f9b909067c3e656cc1f4d3c4dc9"
  integrity sha512-EXr1FOzrzTfGeL0gQdeFEvOMm2mzMOglyiOXSTpPC+iAjAKftbr3jpCMWynogwYnM+eSj9sHGc6wjIcDvYiygw==
  dependencies:
    pump "^3.0.0"

got@^10.4.0:
  version "10.4.0"
  resolved "https://registry.yarnpkg.com/got/-/got-10.4.0.tgz#2bd869d3d965716a43bee89d6fc3d16b565109c4"
  integrity sha512-yHxq0LgdLFmJcrl27wEOIvZaHbgtn1DYpYUUX/kovLZoQ8q+QwJH+i9zkldDxGUawu1cUsgNMp8Xxm5yKT2UyQ==
  dependencies:
    "@sindresorhus/is" "^1.0.0"
    "@szmarczak/http-timer" "^4.0.0"
    "@types/cacheable-request" "^6.0.1"
    cacheable-lookup "^1.0.0"
    cacheable-request "^7.0.1"
    decompress-response "^5.0.0"
    duplexer3 "^0.1.4"
    get-stream "^5.0.0"
    lowercase-keys "^2.0.0"
    mimic-response "^2.0.0"
    p-cancelable "^2.0.0"
    responselike "^2.0.0"
    to-readable-stream "^2.0.0"
    type-fest "^0.9.0"

http-assert@^1.3.0:
  version "1.4.1"
  resolved "https://registry.yarnpkg.com/http-assert/-/http-assert-1.4.1.tgz#c5f725d677aa7e873ef736199b89686cceb37878"
  integrity sha512-rdw7q6GTlibqVVbXr0CKelfV5iY8G2HqEUkhSk297BMbSpSL8crXC+9rjKoMcZZEsksX30le6f/4ul4E28gegw==
  dependencies:
    deep-equal "~1.0.1"
    http-errors "~1.7.2"

http-cache-semantics@^4.0.0:
  version "4.0.3"
  resolved "https://registry.yarnpkg.com/http-cache-semantics/-/http-cache-semantics-4.0.3.tgz#495704773277eeef6e43f9ab2c2c7d259dda25c5"
  integrity sha512-TcIMG3qeVLgDr1TEd2XvHaTnMPwYQUQMIBLy+5pLSDKYFc7UIqj39w8EGzZkaxoLv/l2K8HaI0t5AVA+YYgUew==

http-errors@^1.6.3, http-errors@~1.7.2:
  version "1.7.3"
  resolved "https://registry.yarnpkg.com/http-errors/-/http-errors-1.7.3.tgz#6c619e4f9c60308c38519498c14fbb10aacebb06"
  integrity sha512-ZTTX0MWrsQ2ZAhA1cejAwDLycFsd7I7nVtnkT3Ol0aqodaKW+0CTZDQ1uBv5whptCnc8e8HeRRJxRs0kmm/Qfw==
  dependencies:
    depd "~1.1.2"
    inherits "2.0.4"
    setprototypeof "1.1.1"
    statuses ">= 1.5.0 < 2"
    toidentifier "1.0.0"

inherits@2.0.4:
  version "2.0.4"
  resolved "https://registry.yarnpkg.com/inherits/-/inherits-2.0.4.tgz#0fa2c64f932917c3433a0ded55363aae37416b7c"
  integrity sha512-k/vGaX4/Yla3WzyMCvTQOXYeIHvqOKtnqBduzTHpzpQZzAskKMhZ2K+EnBiSM9zGSoIFeMpXKxa4dYeZIQqewQ==

is-generator-function@^1.0.7:
  version "1.0.7"
  resolved "https://registry.yarnpkg.com/is-generator-function/-/is-generator-function-1.0.7.tgz#d2132e529bb0000a7f80794d4bdf5cd5e5813522"
  integrity sha512-YZc5EwyO4f2kWCax7oegfuSr9mFz1ZvieNYBEjmukLxgXfBUbxAWGVF7GZf0zidYtoBl3WvC07YK0wT76a+Rtw==

isarray@0.0.1:
  version "0.0.1"
  resolved "https://registry.yarnpkg.com/isarray/-/isarray-0.0.1.tgz#8a18acfca9a8f4177e09abfc6038939b05d1eedf"
  integrity sha1-ihis/Kmo9Bd+Cav8YDiTmwXR7t8=

json-buffer@3.0.1:
  version "3.0.1"
  resolved "https://registry.yarnpkg.com/json-buffer/-/json-buffer-3.0.1.tgz#9338802a30d3b6605fbe0613e094008ca8c05a13"
  integrity sha512-4bV5BfR2mqfQTJm+V5tPPdf+ZpuhiIvTuAB5g8kcrXOZpTT/QwwVRWBywX1ozr6lEuPdbHxwaJlm9G6mI2sfSQ==

keygrip@~1.1.0:
  version "1.1.0"
  resolved "https://registry.yarnpkg.com/keygrip/-/keygrip-1.1.0.tgz#871b1681d5e159c62a445b0c74b615e0917e7226"
  integrity sha512-iYSchDJ+liQ8iwbSI2QqsQOvqv58eJCEanyJPJi+Khyu8smkcKSFUCbPwzFcL7YVtZ6eONjqRX/38caJ7QjRAQ==
  dependencies:
    tsscmp "1.0.6"

keyv@^4.0.0:
  version "4.0.0"
  resolved "https://registry.yarnpkg.com/keyv/-/keyv-4.0.0.tgz#2d1dab694926b2d427e4c74804a10850be44c12f"
  integrity sha512-U7ioE8AimvRVLfw4LffyOIRhL2xVgmE8T22L6i0BucSnBUyv4w+I7VN/zVZwRKHOI6ZRUcdMdWHQ8KSUvGpEog==
  dependencies:
    json-buffer "3.0.1"

koa-compose@^3.0.0:
  version "3.2.1"
  resolved "https://registry.yarnpkg.com/koa-compose/-/koa-compose-3.2.1.tgz#a85ccb40b7d986d8e5a345b3a1ace8eabcf54de7"
  integrity sha1-qFzLQLfZhtjlo0Wzoazo6rz1Tec=
  dependencies:
    any-promise "^1.1.0"

koa-compose@^4.1.0:
  version "4.1.0"
  resolved "https://registry.yarnpkg.com/koa-compose/-/koa-compose-4.1.0.tgz#507306b9371901db41121c812e923d0d67d3e877"
  integrity sha512-8ODW8TrDuMYvXRwra/Kh7/rJo9BtOfPc6qO8eAfC80CnCvSjSl0bkRM24X6/XBBEyj0v1nRUQ1LyOy3dbqOWXw==

koa-convert@^1.2.0:
  version "1.2.0"
  resolved "https://registry.yarnpkg.com/koa-convert/-/koa-convert-1.2.0.tgz#da40875df49de0539098d1700b50820cebcd21d0"
  integrity sha1-2kCHXfSd4FOQmNFwC1CCDOvNIdA=
  dependencies:
    co "^4.6.0"
    koa-compose "^3.0.0"

koa-route@^3.2.0:
  version "3.2.0"
  resolved "https://registry.yarnpkg.com/koa-route/-/koa-route-3.2.0.tgz#76298b99a6bcfa9e38cab6fe5c79a8733e758bce"
  integrity sha1-dimLmaa8+p44yrb+XHmocz51i84=
  dependencies:
    debug "*"
    methods "~1.1.0"
    path-to-regexp "^1.2.0"

koa@^2.11.0:
  version "2.11.0"
  resolved "https://registry.yarnpkg.com/koa/-/koa-2.11.0.tgz#fe5a51c46f566d27632dd5dc8fd5d7dd44f935a4"
  integrity sha512-EpR9dElBTDlaDgyhDMiLkXrPwp6ZqgAIBvhhmxQ9XN4TFgW+gEz6tkcsNI6BnUbUftrKDjVFj4lW2/J2aNBMMA==
  dependencies:
    accepts "^1.3.5"
    cache-content-type "^1.0.0"
    content-disposition "~0.5.2"
    content-type "^1.0.4"
    cookies "~0.8.0"
    debug "~3.1.0"
    delegates "^1.0.0"
    depd "^1.1.2"
    destroy "^1.0.4"
    encodeurl "^1.0.2"
    error-inject "^1.0.0"
    escape-html "^1.0.3"
    fresh "~0.5.2"
    http-assert "^1.3.0"
    http-errors "^1.6.3"
    is-generator-function "^1.0.7"
    koa-compose "^4.1.0"
    koa-convert "^1.2.0"
    on-finished "^2.3.0"
    only "~0.0.2"
    parseurl "^1.3.2"
    statuses "^1.5.0"
    type-is "^1.6.16"
    vary "^1.1.2"

lowercase-keys@^2.0.0:
  version "2.0.0"
  resolved "https://registry.yarnpkg.com/lowercase-keys/-/lowercase-keys-2.0.0.tgz#2603e78b7b4b0006cbca2fbcc8a3202558ac9479"
  integrity sha512-tqNXrS78oMOE73NMxK4EMLQsQowWf8jKooH9g7xPavRT706R6bkQJ6DY2Te7QukaZsulxa30wQ7bk0pm4XiHmA==

media-typer@0.3.0:
  version "0.3.0"
  resolved "https://registry.yarnpkg.com/media-typer/-/media-typer-0.3.0.tgz#8710d7af0aa626f8fffa1ce00168545263255748"
  integrity sha1-hxDXrwqmJvj/+hzgAWhUUmMlV0g=

methods@~1.1.0:
  version "1.1.2"
  resolved "https://registry.yarnpkg.com/methods/-/methods-1.1.2.tgz#5529a4d67654134edcc5266656835b0f851afcee"
  integrity sha1-VSmk1nZUE07cxSZmVoNbD4Ua/O4=

mime-db@1.43.0:
  version "1.43.0"
  resolved "https://registry.yarnpkg.com/mime-db/-/mime-db-1.43.0.tgz#0a12e0502650e473d735535050e7c8f4eb4fae58"
  integrity sha512-+5dsGEEovYbT8UY9yD7eE4XTc4UwJ1jBYlgaQQF38ENsKR3wj/8q8RFZrF9WIZpB2V1ArTVFUva8sAul1NzRzQ==

mime-types@^2.1.18, mime-types@~2.1.24:
  version "2.1.26"
  resolved "https://registry.yarnpkg.com/mime-types/-/mime-types-2.1.26.tgz#9c921fc09b7e149a65dfdc0da4d20997200b0a06"
  integrity sha512-01paPWYgLrkqAyrlDorC1uDwl2p3qZT7yl806vW7DvDoxwXi46jsjFbg+WdwotBIk6/MbEhO/dh5aZ5sNj/dWQ==
  dependencies:
    mime-db "1.43.0"

mimic-response@^1.0.0:
  version "1.0.1"
  resolved "https://registry.yarnpkg.com/mimic-response/-/mimic-response-1.0.1.tgz#4923538878eef42063cb8a3e3b0798781487ab1b"
  integrity sha512-j5EctnkH7amfV/q5Hgmoal1g2QHFJRraOtmx0JpIqkxhBhI/lJSl1nMpQ45hVarwNETOoWEimndZ4QK0RHxuxQ==

mimic-response@^2.0.0:
  version "2.0.0"
  resolved "https://registry.yarnpkg.com/mimic-response/-/mimic-response-2.0.0.tgz#996a51c60adf12cb8a87d7fb8ef24c2f3d5ebb46"
  integrity sha512-8ilDoEapqA4uQ3TwS0jakGONKXVJqpy+RpM+3b7pLdOjghCrEiGp9SRkFbUHAmZW9vdnrENWHjaweIoTIJExSQ==

ms@2.0.0:
  version "2.0.0"
  resolved "https://registry.yarnpkg.com/ms/-/ms-2.0.0.tgz#5608aeadfc00be6c2901df5f9861788de0d597c8"
  integrity sha1-VgiurfwAvmwpAd9fmGF4jeDVl8g=

ms@^2.1.1:
  version "2.1.2"
  resolved "https://registry.yarnpkg.com/ms/-/ms-2.1.2.tgz#d09d1f357b443f493382a8eb3ccd183872ae6009"
  integrity sha512-sGkPx+VjMtmA6MX27oA4FBFELFCZZ4S4XqeGOXCv68tT+jb3vk/RyaKWP0PTKyWtmLSM0b+adUTEvbs1PEaH2w==

negotiator@0.6.2:
  version "0.6.2"
  resolved "https://registry.yarnpkg.com/negotiator/-/negotiator-0.6.2.tgz#feacf7ccf525a77ae9634436a64883ffeca346fb"
  integrity sha512-hZXc7K2e+PgeI1eDBe/10Ard4ekbfrrqG8Ep+8Jmf4JID2bNg7NvCPOZN+kfF574pFQI7mum2AUqDidoKqcTOw==

normalize-url@^4.1.0:
  version "4.5.0"
  resolved "https://registry.yarnpkg.com/normalize-url/-/normalize-url-4.5.0.tgz#453354087e6ca96957bd8f5baf753f5982142129"
  integrity sha512-2s47yzUxdexf1OhyRi4Em83iQk0aPvwTddtFz4hnSSw9dCEsLEGf6SwIO8ss/19S9iBb5sJaOuTvTGDeZI00BQ==

on-finished@^2.3.0:
  version "2.3.0"
  resolved "https://registry.yarnpkg.com/on-finished/-/on-finished-2.3.0.tgz#20f1336481b083cd75337992a16971aa2d906947"
  integrity sha1-IPEzZIGwg811M3mSoWlxqi2QaUc=
  dependencies:
    ee-first "1.1.1"

once@^1.3.1, once@^1.4.0:
  version "1.4.0"
  resolved "https://registry.yarnpkg.com/once/-/once-1.4.0.tgz#583b1aa775961d4b113ac17d9c50baef9dd76bd1"
  integrity sha1-WDsap3WWHUsROsF9nFC6753Xa9E=
  dependencies:
    wrappy "1"

only@~0.0.2:
  version "0.0.2"
  resolved "https://registry.yarnpkg.com/only/-/only-0.0.2.tgz#2afde84d03e50b9a8edc444e30610a70295edfb4"
  integrity sha1-Kv3oTQPlC5qO3EROMGEKcCle37Q=

p-cancelable@^2.0.0:
  version "2.0.0"
  resolved "https://registry.yarnpkg.com/p-cancelable/-/p-cancelable-2.0.0.tgz#4a3740f5bdaf5ed5d7c3e34882c6fb5d6b266a6e"
  integrity sha512-wvPXDmbMmu2ksjkB4Z3nZWTSkJEb9lqVdMaCKpZUGJG9TMiNp9XcbG3fn9fPKjem04fJMJnXoyFPk2FmgiaiNg==

parseurl@^1.3.2:
  version "1.3.3"
  resolved "https://registry.yarnpkg.com/parseurl/-/parseurl-1.3.3.tgz#9da19e7bee8d12dff0513ed5b76957793bc2e8d4"
  integrity sha512-CiyeOxFT/JZyN5m0z9PfXw4SCBJ6Sygz1Dpl0wqjlhDEGGBP1GnsUVEL0p63hoG1fcj3fHynXi9NYO4nWOL+qQ==

path-to-regexp@^1.2.0:
  version "1.8.0"
  resolved "https://registry.yarnpkg.com/path-to-regexp/-/path-to-regexp-1.8.0.tgz#887b3ba9d84393e87a0a0b9f4cb756198b53548a"
  integrity sha512-n43JRhlUKUAlibEJhPeir1ncUID16QnEjNpwzNdO3Lm4ywrBpBZ5oLD0I6br9evr1Y9JTqwRtAh7JLoOzAQdVA==
  dependencies:
    isarray "0.0.1"

prom-client@^11.5.3:
  version "11.5.3"
  resolved "https://registry.yarnpkg.com/prom-client/-/prom-client-11.5.3.tgz#5fedfce1083bac6c2b223738e966d0e1643756f8"
  integrity sha512-iz22FmTbtkyL2vt0MdDFY+kWof+S9UB/NACxSn2aJcewtw+EERsen0urSkZ2WrHseNdydsvcxCTAnPcSMZZv4Q==
  dependencies:
    tdigest "^0.1.1"

pump@^3.0.0:
  version "3.0.0"
  resolved "https://registry.yarnpkg.com/pump/-/pump-3.0.0.tgz#b4a2116815bde2f4e1ea602354e8c75565107a64"
  integrity sha512-LwZy+p3SFs1Pytd/jYct4wpv49HiYCqd9Rlc5ZVdk0V+8Yzv6jR5Blk3TRmPL1ft69TxP0IMZGJ+WPFU2BFhww==
  dependencies:
    end-of-stream "^1.1.0"
    once "^1.3.1"

responselike@^2.0.0:
  version "2.0.0"
  resolved "https://registry.yarnpkg.com/responselike/-/responselike-2.0.0.tgz#26391bcc3174f750f9a79eacc40a12a5c42d7723"
  integrity sha512-xH48u3FTB9VsZw7R+vvgaKeLKzT6jOogbQhEe/jewwnZgzPcnyWui2Av6JpoYZF/91uueC+lqhWqeURw5/qhCw==
  dependencies:
    lowercase-keys "^2.0.0"

safe-buffer@5.1.2:
  version "5.1.2"
  resolved "https://registry.yarnpkg.com/safe-buffer/-/safe-buffer-5.1.2.tgz#991ec69d296e0313747d59bdfd2b745c35f8828d"
  integrity sha512-Gd2UZBJDkXlY7GbJxfsE8/nvKkUEU1G38c1siN6QP6a9PT9MmHB8GnpscSmMJSoF8LOIrt8ud/wPtojys4G6+g==

setprototypeof@1.1.1:
  version "1.1.1"
  resolved "https://registry.yarnpkg.com/setprototypeof/-/setprototypeof-1.1.1.tgz#7e95acb24aa92f5885e0abef5ba131330d4ae683"
  integrity sha512-JvdAWfbXeIGaZ9cILp38HntZSFSo3mWg6xGcJJsd+d4aRMOqauag1C63dJfDw7OaMYwEbHMOxEZ1lqVRYP2OAw==

"statuses@>= 1.5.0 < 2", statuses@^1.5.0:
  version "1.5.0"
  resolved "https://registry.yarnpkg.com/statuses/-/statuses-1.5.0.tgz#161c7dac177659fd9811f43771fa99381478628c"
  integrity sha1-Fhx9rBd2Wf2YEfQ3cfqZOBR4Yow=

tdigest@^0.1.1:
  version "0.1.1"
  resolved "https://registry.yarnpkg.com/tdigest/-/tdigest-0.1.1.tgz#2e3cb2c39ea449e55d1e6cd91117accca4588021"
  integrity sha1-Ljyyw56kSeVdHmzZEReszKRYgCE=
  dependencies:
    bintrees "1.0.1"

to-readable-stream@^2.0.0:
  version "2.1.0"
  resolved "https://registry.yarnpkg.com/to-readable-stream/-/to-readable-stream-2.1.0.tgz#82880316121bea662cdc226adb30addb50cb06e8"
  integrity sha512-o3Qa6DGg1CEXshSdvWNX2sN4QHqg03SPq7U6jPXRahlQdl5dK8oXjkU/2/sGrnOZKeGV1zLSO8qPwyKklPPE7w==

toidentifier@1.0.0:
  version "1.0.0"
  resolved "https://registry.yarnpkg.com/toidentifier/-/toidentifier-1.0.0.tgz#7e1be3470f1e77948bc43d94a3c8f4d7752ba553"
  integrity sha512-yaOH/Pk/VEhBWWTlhI+qXxDFXlejDGcQipMlyxda9nthulaxLZUNcUqFxokp0vcYnvteJln5FNQDRrxj3YcbVw==

tsscmp@1.0.6:
  version "1.0.6"
  resolved "https://registry.yarnpkg.com/tsscmp/-/tsscmp-1.0.6.tgz#85b99583ac3589ec4bfef825b5000aa911d605eb"
  integrity sha512-LxhtAkPDTkVCMQjt2h6eBVY28KCjikZqZfMcC15YBeNjkgUpdCfBu5HoiOTDu86v6smE8yOjyEktJ8hlbANHQA==

type-fest@^0.9.0:
  version "0.9.0"
  resolved "https://registry.yarnpkg.com/type-fest/-/type-fest-0.9.0.tgz#3b7904821e42b26377831a6e9b5d2930ab19c99a"
  integrity sha512-j55pzONIdg7rdtJTRZPKIbV0FosUqYdhHK1aAYJIrUvejv1VVyBokrILE8KQDT4emW/1Ev9tx+yZG+AxuSBMmA==

type-is@^1.6.16:
  version "1.6.18"
  resolved "https://registry.yarnpkg.com/type-is/-/type-is-1.6.18.tgz#4e552cd05df09467dcbc4ef739de89f2cf37c131"
  integrity sha512-TkRKr9sUTxEH8MdfuCSP7VizJyzRNMjj2J2do2Jr3Kym598JVdEksuzPQCnlFPW4ky9Q+iA+ma9BGm06XQBy8g==
  dependencies:
    media-typer "0.3.0"
    mime-types "~2.1.24"

vary@^1.1.2:
  version "1.1.2"
  resolved "https://registry.yarnpkg.com/vary/-/vary-1.1.2.tgz#2299f02c6ded30d4a5961b0b9f74524a18f634fc"
  integrity sha1-IpnwLG3tMNSllhsLn3RSShj2NPw=

wrappy@1:
  version "1.0.2"
  resolved "https://registry.yarnpkg.com/wrappy/-/wrappy-1.0.2.tgz#b5243d8f3ec1aa35f1364605bc0d1036e30ab69f"
  integrity sha1-tSQ9jz7BqjXxNkYFvA0QNuMKtp8=

ylru@^1.2.0:
  version "1.2.1"
  resolved "https://registry.yarnpkg.com/ylru/-/ylru-1.2.1.tgz#f576b63341547989c1de7ba288760923b27fe84f"
  integrity sha512-faQrqNMzcPCHGVC2aaOINk13K+aaBDUPjGWl0teOXywElLjyVAB6Oe2jj62jHYtwsU49jXhScYbvPENK+6zAvQ==
